PODS:
  - Alamofire (5.4.3)
  - WLM3U (0.1.5):
    - Alamofire (~> 5.1)

DEPENDENCIES:
  - WLM3U (from `../`)

SPEC REPOS:
  trunk:
    - Alamofire

EXTERNAL SOURCES:
  WLM3U:
    :path: "../"

SPEC CHECKSUMS:
  Alamofire: e447a2774a40c996748296fa2c55112fdbbc42f9
  WLM3U: 7f587b1beb6cdbc418bff18d4e41fc1cb8b4f6b0

PODFILE CHECKSUM: 5ca7205dd70ca1d085c17830ab66e7a20579aa62

COCOAPODS: 1.10.0.rc.1
